
Microsoft Visual Studio Solution File, Format Version 12.00
# Visual Studio Version 17
VisualStudioVersion = 17.5.33516.290
MinimumVisualStudioVersion = 10.0.40219.1
Project("{9A19103F-16F7-4668-BE54-9A1E7A4F7556}") = "TaxiFairePrediction", "TaxiFairePrediction.csproj", "{383ACEB7-5FE6-456C-9660-DCBC1C2BCB84}"
EndProject
Project("{FAE04EC0-301F-11D3-BF4B-00C04F79EFBC}") = "EndUserModelConsumption", "..\EndUserModelConsumption\EndUserModelConsumption.csproj", "{2C866226-0A14-43E7-BEAD-CF08CCBF3ED1}"
EndProject
Global
	GlobalSection(SolutionConfigurationPlatforms) = preSolution
		Debug|Any CPU = Debug|Any CPU
		Release|Any CPU = Release|Any CPU
	EndGlobalSection
	GlobalSection(ProjectConfigurationPlatforms) = postSolution
		{383ACEB7-5FE6-456C-9660-DCBC1C2BCB84}.Debug|Any CPU.ActiveCfg = Debug|Any CPU
		{383ACEB7-5FE6-456C-9660-DCBC1C2BCB84}.Debug|Any CPU.Build.0 = Debug|Any CPU
		{383ACEB7-5FE6-456C-9660-DCBC1C2BCB84}.Release|Any CPU.ActiveCfg = Release|Any CPU
		{383ACEB7-5FE6-456C-9660-DCBC1C2BCB84}.Release|Any CPU.Build.0 = Release|Any CPU
		{2C866226-0A14-43E7-BEAD-CF08CCBF3ED1}.Debug|Any CPU.ActiveCfg = Debug|Any CPU
		{2C866226-0A14-43E7-BEAD-CF08CCBF3ED1}.Debug|Any CPU.Build.0 = Debug|Any CPU
		{2C866226-0A14-43E7-BEAD-CF08CCBF3ED1}.Release|Any CPU.ActiveCfg = Release|Any CPU
		{2C866226-0A14-43E7-BEAD-CF08CCBF3ED1}.Release|Any CPU.Build.0 = Release|Any CPU
	EndGlobalSection
	GlobalSection(SolutionProperties) = preSolution
		HideSolutionNode = FALSE
	EndGlobalSection
	GlobalSection(ExtensibilityGlobals) = postSolution
		SolutionGuid = {68CD4E7E-1D2C-469E-B5DA-27ACB15AC0C2}
	EndGlobalSection
EndGlobal
